
Microsoft Visual Studio Solution File, Format Version 12.00
# Visual Studio Version 17
VisualStudioVersion = 17.0.31903.59
MinimumVisualStudioVersion = 10.0.40219.1
Project("{2150E333-8FDC-42A3-9474-1A3956D46DE8}") = "source", "source", "{EBD1AF48-DECB-4684-B064-D47209577386}"
EndProject
Project("{2150E333-8FDC-42A3-9474-1A3956D46DE8}") = "tests", "tests", "{595E90B0-D407-47C9-826F-25B92891A757}"
EndProject
Project("{2150E333-8FDC-42A3-9474-1A3956D46DE8}") = "deploy", "deploy", "{256E67DB-768D-43ED-B86F-B90113B2D287}"
	ProjectSection(SolutionItems) = preProject
		docker-compose.yml = docker-compose.yml
	EndProjectSection
EndProject
Project("{2150E333-8FDC-42A3-9474-1A3956D46DE8}") = "Ordering", "Ordering", "{0576926E-7E03-47A9-A8C6-5F5E6DE303F2}"
EndProject
Project("{FAE04EC0-301F-11D3-BF4B-00C04F79EFBC}") = "Ordering.Service", "source\Ordering\Ordering.Service\Ordering.Service.csproj", "{49E313C2-9A39-4345-B576-BFA3B4F92A31}"
EndProject
Project("{2150E333-8FDC-42A3-9474-1A3956D46DE8}") = "Shared", "Shared", "{60E5432B-D2F0-47E9-83FE-3C8689DA9350}"
EndProject
Project("{FAE04EC0-301F-11D3-BF4B-00C04F79EFBC}") = "Shared", "source\Shared\Shared\Shared.csproj", "{F903A8E5-7E52-41E4-9AEF-A3E2AC78C856}"
EndProject
Project("{FAE04EC0-301F-11D3-BF4B-00C04F79EFBC}") = "Ordering.Contracts", "source\Ordering\Ordering.Contracts\Ordering.Contracts.csproj", "{9D0F844C-5664-48A2-951F-645EA0D93BB0}"
EndProject
Project("{2150E333-8FDC-42A3-9474-1A3956D46DE8}") = "Payment", "Payment", "{55683091-744E-44C0-B81E-9B124011FCEB}"
EndProject
Project("{2150E333-8FDC-42A3-9474-1A3956D46DE8}") = "Warehouse", "Warehouse", "{E36BF0A2-61D5-4F37-9667-8D755D9034BC}"
EndProject
Project("{FAE04EC0-301F-11D3-BF4B-00C04F79EFBC}") = "Payment.Contracts", "source\Payment\Payment.Contracts\Payment.Contracts.csproj", "{D13C5214-25F0-4EDC-8922-A4FE675CD799}"
EndProject
Project("{FAE04EC0-301F-11D3-BF4B-00C04F79EFBC}") = "Warehouse.Contracts", "source\Warehouse\Warehouse.Contracts\Warehouse.Contracts.csproj", "{B000BBA5-FC75-4C1B-B948-D0994CC625CB}"
EndProject
Project("{2150E333-8FDC-42A3-9474-1A3956D46DE8}") = "docs", "docs", "{A5B43F97-5373-4059-89F0-24CDCC545C35}"
	ProjectSection(SolutionItems) = preProject
		docs\Command and Event Ownership.png = docs\Command and Event Ownership.png
		docs\Contract Rules.txt = docs\Contract Rules.txt
	EndProjectSection
EndProject
Project("{FAE04EC0-301F-11D3-BF4B-00C04F79EFBC}") = "Ordering.Api", "source\Ordering\Ordering.Api\Ordering.Api.csproj", "{5D905E5A-8353-4346-8796-8D2B0FE560D0}"
EndProject
Project("{FAE04EC0-301F-11D3-BF4B-00C04F79EFBC}") = "Ordering.Components", "source\Ordering\Ordering.Components\Ordering.Components.csproj", "{14F65DC2-65D7-4940-8A1C-707E86158324}"
EndProject
Project("{FAE04EC0-301F-11D3-BF4B-00C04F79EFBC}") = "Shared.MassTransit", "source\Shared\Shared.MassTransit\Shared.MassTransit.csproj", "{F5321476-FD2F-4079-9199-7F62481AC5EA}"
EndProject
Project("{FAE04EC0-301F-11D3-BF4B-00C04F79EFBC}") = "Shared.Telemetry", "source\Shared\Shared.Telemetry\Shared.Telemetry.csproj", "{233AC88B-4349-4DF1-B404-C7E91A451D92}"
EndProject
Project("{2150E333-8FDC-42A3-9474-1A3956D46DE8}") = "Ordering", "Ordering", "{DAAC888E-139F-47CB-A4DC-BD0BD114F986}"
EndProject
Project("{FAE04EC0-301F-11D3-BF4B-00C04F79EFBC}") = "Ordering.UnitTests", "tests\Ordering\Ordering.UnitTests\Ordering.UnitTests.csproj", "{F2FE8942-E03B-4360-8ED5-0573801E399B}"
EndProject
Global
	GlobalSection(SolutionConfigurationPlatforms) = preSolution
		Debug|Any CPU = Debug|Any CPU
		Release|Any CPU = Release|Any CPU
	EndGlobalSection
	GlobalSection(SolutionProperties) = preSolution
		HideSolutionNode = FALSE
	EndGlobalSection
	GlobalSection(NestedProjects) = preSolution
		{0576926E-7E03-47A9-A8C6-5F5E6DE303F2} = {EBD1AF48-DECB-4684-B064-D47209577386}
		{49E313C2-9A39-4345-B576-BFA3B4F92A31} = {0576926E-7E03-47A9-A8C6-5F5E6DE303F2}
		{60E5432B-D2F0-47E9-83FE-3C8689DA9350} = {EBD1AF48-DECB-4684-B064-D47209577386}
		{F903A8E5-7E52-41E4-9AEF-A3E2AC78C856} = {60E5432B-D2F0-47E9-83FE-3C8689DA9350}
		{9D0F844C-5664-48A2-951F-645EA0D93BB0} = {0576926E-7E03-47A9-A8C6-5F5E6DE303F2}
		{55683091-744E-44C0-B81E-9B124011FCEB} = {EBD1AF48-DECB-4684-B064-D47209577386}
		{E36BF0A2-61D5-4F37-9667-8D755D9034BC} = {EBD1AF48-DECB-4684-B064-D47209577386}
		{D13C5214-25F0-4EDC-8922-A4FE675CD799} = {55683091-744E-44C0-B81E-9B124011FCEB}
		{B000BBA5-FC75-4C1B-B948-D0994CC625CB} = {E36BF0A2-61D5-4F37-9667-8D755D9034BC}
		{5D905E5A-8353-4346-8796-8D2B0FE560D0} = {0576926E-7E03-47A9-A8C6-5F5E6DE303F2}
		{14F65DC2-65D7-4940-8A1C-707E86158324} = {0576926E-7E03-47A9-A8C6-5F5E6DE303F2}
		{F5321476-FD2F-4079-9199-7F62481AC5EA} = {60E5432B-D2F0-47E9-83FE-3C8689DA9350}
		{233AC88B-4349-4DF1-B404-C7E91A451D92} = {60E5432B-D2F0-47E9-83FE-3C8689DA9350}
		{DAAC888E-139F-47CB-A4DC-BD0BD114F986} = {595E90B0-D407-47C9-826F-25B92891A757}
		{F2FE8942-E03B-4360-8ED5-0573801E399B} = {DAAC888E-139F-47CB-A4DC-BD0BD114F986}
	EndGlobalSection
	GlobalSection(ProjectConfigurationPlatforms) = postSolution
		{49E313C2-9A39-4345-B576-BFA3B4F92A31}.Debug|Any CPU.ActiveCfg = Debug|Any CPU
		{49E313C2-9A39-4345-B576-BFA3B4F92A31}.Debug|Any CPU.Build.0 = Debug|Any CPU
		{49E313C2-9A39-4345-B576-BFA3B4F92A31}.Release|Any CPU.ActiveCfg = Release|Any CPU
		{49E313C2-9A39-4345-B576-BFA3B4F92A31}.Release|Any CPU.Build.0 = Release|Any CPU
		{F903A8E5-7E52-41E4-9AEF-A3E2AC78C856}.Debug|Any CPU.ActiveCfg = Debug|Any CPU
		{F903A8E5-7E52-41E4-9AEF-A3E2AC78C856}.Debug|Any CPU.Build.0 = Debug|Any CPU
		{F903A8E5-7E52-41E4-9AEF-A3E2AC78C856}.Release|Any CPU.ActiveCfg = Release|Any CPU
		{F903A8E5-7E52-41E4-9AEF-A3E2AC78C856}.Release|Any CPU.Build.0 = Release|Any CPU
		{9D0F844C-5664-48A2-951F-645EA0D93BB0}.Debug|Any CPU.ActiveCfg = Debug|Any CPU
		{9D0F844C-5664-48A2-951F-645EA0D93BB0}.Debug|Any CPU.Build.0 = Debug|Any CPU
		{9D0F844C-5664-48A2-951F-645EA0D93BB0}.Release|Any CPU.ActiveCfg = Release|Any CPU
		{9D0F844C-5664-48A2-951F-645EA0D93BB0}.Release|Any CPU.Build.0 = Release|Any CPU
		{D13C5214-25F0-4EDC-8922-A4FE675CD799}.Debug|Any CPU.ActiveCfg = Debug|Any CPU
		{D13C5214-25F0-4EDC-8922-A4FE675CD799}.Debug|Any CPU.Build.0 = Debug|Any CPU
		{D13C5214-25F0-4EDC-8922-A4FE675CD799}.Release|Any CPU.ActiveCfg = Release|Any CPU
		{D13C5214-25F0-4EDC-8922-A4FE675CD799}.Release|Any CPU.Build.0 = Release|Any CPU
		{B000BBA5-FC75-4C1B-B948-D0994CC625CB}.Debug|Any CPU.ActiveCfg = Debug|Any CPU
		{B000BBA5-FC75-4C1B-B948-D0994CC625CB}.Debug|Any CPU.Build.0 = Debug|Any CPU
		{B000BBA5-FC75-4C1B-B948-D0994CC625CB}.Release|Any CPU.ActiveCfg = Release|Any CPU
		{B000BBA5-FC75-4C1B-B948-D0994CC625CB}.Release|Any CPU.Build.0 = Release|Any CPU
		{5D905E5A-8353-4346-8796-8D2B0FE560D0}.Debug|Any CPU.ActiveCfg = Debug|Any CPU
		{5D905E5A-8353-4346-8796-8D2B0FE560D0}.Debug|Any CPU.Build.0 = Debug|Any CPU
		{5D905E5A-8353-4346-8796-8D2B0FE560D0}.Release|Any CPU.ActiveCfg = Release|Any CPU
		{5D905E5A-8353-4346-8796-8D2B0FE560D0}.Release|Any CPU.Build.0 = Release|Any CPU
		{14F65DC2-65D7-4940-8A1C-707E86158324}.Debug|Any CPU.ActiveCfg = Debug|Any CPU
		{14F65DC2-65D7-4940-8A1C-707E86158324}.Debug|Any CPU.Build.0 = Debug|Any CPU
		{14F65DC2-65D7-4940-8A1C-707E86158324}.Release|Any CPU.ActiveCfg = Release|Any CPU
		{14F65DC2-65D7-4940-8A1C-707E86158324}.Release|Any CPU.Build.0 = Release|Any CPU
		{F5321476-FD2F-4079-9199-7F62481AC5EA}.Debug|Any CPU.ActiveCfg = Debug|Any CPU
		{F5321476-FD2F-4079-9199-7F62481AC5EA}.Debug|Any CPU.Build.0 = Debug|Any CPU
		{F5321476-FD2F-4079-9199-7F62481AC5EA}.Release|Any CPU.ActiveCfg = Release|Any CPU
		{F5321476-FD2F-4079-9199-7F62481AC5EA}.Release|Any CPU.Build.0 = Release|Any CPU
		{233AC88B-4349-4DF1-B404-C7E91A451D92}.Debug|Any CPU.ActiveCfg = Debug|Any CPU
		{233AC88B-4349-4DF1-B404-C7E91A451D92}.Debug|Any CPU.Build.0 = Debug|Any CPU
		{233AC88B-4349-4DF1-B404-C7E91A451D92}.Release|Any CPU.ActiveCfg = Release|Any CPU
		{233AC88B-4349-4DF1-B404-C7E91A451D92}.Release|Any CPU.Build.0 = Release|Any CPU
		{F2FE8942-E03B-4360-8ED5-0573801E399B}.Debug|Any CPU.ActiveCfg = Debug|Any CPU
		{F2FE8942-E03B-4360-8ED5-0573801E399B}.Debug|Any CPU.Build.0 = Debug|Any CPU
		{F2FE8942-E03B-4360-8ED5-0573801E399B}.Release|Any CPU.ActiveCfg = Release|Any CPU
		{F2FE8942-E03B-4360-8ED5-0573801E399B}.Release|Any CPU.Build.0 = Release|Any CPU
	EndGlobalSection
EndGlobal
